
Microsoft Visual Studio Solution File, Format Version 12.00
# Visual Studio Version 17
VisualStudioVersion = 17.1.32328.378
MinimumVisualStudioVersion = 10.0.40219.1
Project("{FAE04EC0-301F-11D3-BF4B-00C04F79EFBC}") = "RedSocialFinal", "RedSocialFinal\RedSocialFinal.csproj", "{1605C251-8DD6-4CC8-997E-83E577122A11}"
EndProject
Global
	GlobalSection(SolutionConfigurationPlatforms) = preSolution
		Debug|Any CPU = Debug|Any CPU
		Release|Any CPU = Release|Any CPU
	EndGlobalSection
	GlobalSection(ProjectConfigurationPlatforms) = postSolution
		{1605C251-8DD6-4CC8-997E-83E577122A11}.Debug|Any CPU.ActiveCfg = Debug|Any CPU
		{1605C251-8DD6-4CC8-997E-83E577122A11}.Debug|Any CPU.Build.0 = Debug|Any CPU
		{1605C251-8DD6-4CC8-997E-83E577122A11}.Release|Any CPU.ActiveCfg = Release|Any CPU
		{1605C251-8DD6-4CC8-997E-83E577122A11}.Release|Any CPU.Build.0 = Release|Any CPU
	EndGlobalSection
	GlobalSection(SolutionProperties) = preSolution
		HideSolutionNode = FALSE
	EndGlobalSection
	GlobalSection(ExtensibilityGlobals) = postSolution
		SolutionGuid = {5F30080B-3D82-433A-ABFC-4EF943C0A106}
	EndGlobalSection
EndGlobal
